
Microsoft Visual Studio Solution File, Format Version 12.00
# Visual Studio Version 17
VisualStudioVersion = 17.10.34928.147
MinimumVisualStudioVersion = 10.0.40219.1
Project("{FAE04EC0-301F-11D3-BF4B-00C04F79EFBC}") = "AcunMedyaOdev4", "AcunMedyaOdev4\AcunMedyaOdev4.csproj", "{04E43311-2B5F-433D-9F5D-378F5B79C042}"
EndProject
Global
	GlobalSection(SolutionConfigurationPlatforms) = preSolution
		Debug|Any CPU = Debug|Any CPU
		Release|Any CPU = Release|Any CPU
	EndGlobalSection
	GlobalSection(ProjectConfigurationPlatforms) = postSolution
		{04E43311-2B5F-433D-9F5D-378F5B79C042}.Debug|Any CPU.ActiveCfg = Debug|Any CPU
		{04E43311-2B5F-433D-9F5D-378F5B79C042}.Debug|Any CPU.Build.0 = Debug|Any CPU
		{04E43311-2B5F-433D-9F5D-378F5B79C042}.Release|Any CPU.ActiveCfg = Release|Any CPU
		{04E43311-2B5F-433D-9F5D-378F5B79C042}.Release|Any CPU.Build.0 = Release|Any CPU
	EndGlobalSection
	GlobalSection(SolutionProperties) = preSolution
		HideSolutionNode = FALSE
	EndGlobalSection
	GlobalSection(ExtensibilityGlobals) = postSolution
		SolutionGuid = {6C58A0E0-8C87-49DE-8C4E-62D6ABE3D2BA}
	EndGlobalSection
EndGlobal
